// !$*UTF8*$!
{
	archiveVersion = 1;
	classes = {
	};
	objectVersion = 50;
	objects = {

/* Begin PBXBuildFile section */
		3D07B748227DD42F00596994 /* TJLoginView.m in Sources */ = {isa = PBXBuildFile; fileRef = 3D07B747227DD42F00596994 /* TJLoginView.m */; };
		3D5BDC13227C617D00C32105 /* AppDelegate.m in Sources */ = {isa = PBXBuildFile; fileRef = 3D5BDC12227C617D00C32105 /* AppDelegate.m */; };
		3D5BDC1B227C617F00C32105 /* Assets.xcassets in Resources */ = {isa = PBXBuildFile; fileRef = 3D5BDC1A227C617F00C32105 /* Assets.xcassets */; };
		3D5BDC1E227C617F00C32105 /* LaunchScreen.storyboard in Resources */ = {isa = PBXBuildFile; fileRef = 3D5BDC1C227C617F00C32105 /* LaunchScreen.storyboard */; };
		3D5BDC21227C617F00C32105 /* main.m in Sources */ = {isa = PBXBuildFile; fileRef = 3D5BDC20227C617F00C32105 /* main.m */; };
		3D5BDC29227C61D800C32105 /* TJLoginViewController.m in Sources */ = {isa = PBXBuildFile; fileRef = 3D5BDC28227C61D800C32105 /* TJLoginViewController.m */; };
		AF54525A013F4192395B92C0 /* libPods-TJClass.a in Frameworks */ = {isa = PBXBuildFile; fileRef = 6626802D42FCCD2A548C9016 /* libPods-TJClass.a */; };
		ED0BD19822902554006852D4 /* TJGetNIMTokenRequest.m in Sources */ = {isa = PBXBuildFile; fileRef = ED0BD19722902554006852D4 /* TJGetNIMTokenRequest.m */; };
		ED0BD19B22905927006852D4 /* TJSessionListViewController.m in Sources */ = {isa = PBXBuildFile; fileRef = ED0BD19A22905927006852D4 /* TJSessionListViewController.m */; };
		ED0BD19E22905C55006852D4 /* TJAddFriendViewController.m in Sources */ = {isa = PBXBuildFile; fileRef = ED0BD19D22905C55006852D4 /* TJAddFriendViewController.m */; };
		ED0BD1A12290616D006852D4 /* TJAddFriendCell.m in Sources */ = {isa = PBXBuildFile; fileRef = ED0BD1A02290616D006852D4 /* TJAddFriendCell.m */; };
		ED0BD1A4229061CD006852D4 /* UIView+Ex.m in Sources */ = {isa = PBXBuildFile; fileRef = ED0BD1A3229061CD006852D4 /* UIView+Ex.m */; };
		ED0BD1A72291484A006852D4 /* TJGroupListViewController.m in Sources */ = {isa = PBXBuildFile; fileRef = ED0BD1A62291484A006852D4 /* TJGroupListViewController.m */; };
		ED0BD1AA229177DC006852D4 /* TJSessionViewController.m in Sources */ = {isa = PBXBuildFile; fileRef = ED0BD1A9229177DC006852D4 /* TJSessionViewController.m */; };
		ED0BD1AD22917EFC006852D4 /* TJSessionUtil.m in Sources */ = {isa = PBXBuildFile; fileRef = ED0BD1AC22917EFC006852D4 /* TJSessionUtil.m */; };
		ED0FB1E42293D425005C21A2 /* TJDoSignRequest.m in Sources */ = {isa = PBXBuildFile; fileRef = ED0FB1E32293D425005C21A2 /* TJDoSignRequest.m */; };
		ED0FB1E722941423005C21A2 /* TJSignRecordViewController.m in Sources */ = {isa = PBXBuildFile; fileRef = ED0FB1E622941423005C21A2 /* TJSignRecordViewController.m */; };
		ED0FB1EA22941534005C21A2 /* TJSignRecordCell.m in Sources */ = {isa = PBXBuildFile; fileRef = ED0FB1E922941534005C21A2 /* TJSignRecordCell.m */; };
		ED0FB1ED22943D79005C21A2 /* TJSignRecordDetailViewController.m in Sources */ = {isa = PBXBuildFile; fileRef = ED0FB1EC22943D79005C21A2 /* TJSignRecordDetailViewController.m */; };
		ED131F8622926C1B000D9E4B /* TJPersonCardViewController.m in Sources */ = {isa = PBXBuildFile; fileRef = ED131F8522926C1B000D9E4B /* TJPersonCardViewController.m */; };
		ED131F8922926DEB000D9E4B /* TJSettingSwitcherCell.m in Sources */ = {isa = PBXBuildFile; fileRef = ED131F8822926DEB000D9E4B /* TJSettingSwitcherCell.m */; };
		ED131F9022928B3F000D9E4B /* NTESSystemNotificationViewController.m in Sources */ = {isa = PBXBuildFile; fileRef = ED131F8A22928B3E000D9E4B /* NTESSystemNotificationViewController.m */; };
		ED131F9122928B3F000D9E4B /* NTESSystemNotificationCell.xib in Resources */ = {isa = PBXBuildFile; fileRef = ED131F8B22928B3E000D9E4B /* NTESSystemNotificationCell.xib */; };
		ED131F9222928B3F000D9E4B /* NTESSystemNotificationViewController.xib in Resources */ = {isa = PBXBuildFile; fileRef = ED131F8D22928B3E000D9E4B /* NTESSystemNotificationViewController.xib */; };
		ED131F9322928B3F000D9E4B /* NTESSystemNotificationCell.m in Sources */ = {isa = PBXBuildFile; fileRef = ED131F8F22928B3F000D9E4B /* NTESSystemNotificationCell.m */; };
		ED131F9622928D12000D9E4B /* TJPersonalCardViewController.m in Sources */ = {isa = PBXBuildFile; fileRef = ED131F9522928D12000D9E4B /* TJPersonalCardViewController.m */; };
		ED131F99229290FB000D9E4B /* TJColorButtonCell.m in Sources */ = {isa = PBXBuildFile; fileRef = ED131F98229290FB000D9E4B /* TJColorButtonCell.m */; };
		ED131F9C2292943D000D9E4B /* TJAliasSettingViewController.m in Sources */ = {isa = PBXBuildFile; fileRef = ED131F9B2292943D000D9E4B /* TJAliasSettingViewController.m */; };
		ED131F9F22929B92000D9E4B /* TJSessionConfig.m in Sources */ = {isa = PBXBuildFile; fileRef = ED131F9E22929B92000D9E4B /* TJSessionConfig.m */; };
		ED131FA22292BDAE000D9E4B /* TJCreateSignViewController.m in Sources */ = {isa = PBXBuildFile; fileRef = ED131FA12292BDAE000D9E4B /* TJCreateSignViewController.m */; };
		ED131FA52292CB07000D9E4B /* TJCreateSignRequest.m in Sources */ = {isa = PBXBuildFile; fileRef = ED131FA42292CB07000D9E4B /* TJCreateSignRequest.m */; };
		ED139ED322964C53004B6D1C /* TJSettingPortraitCell.m in Sources */ = {isa = PBXBuildFile; fileRef = ED139ED222964C53004B6D1C /* TJSettingPortraitCell.m */; };
		ED139ED6229663BB004B6D1C /* TJUserInfoSettingViewController.m in Sources */ = {isa = PBXBuildFile; fileRef = ED139ED5229663BB004B6D1C /* TJUserInfoSettingViewController.m */; };
		ED139EDD22967007004B6D1C /* TJNickNameSettingViewController.m in Sources */ = {isa = PBXBuildFile; fileRef = ED139EDC22967007004B6D1C /* TJNickNameSettingViewController.m */; };
		ED139EE02296711B004B6D1C /* TJTextSettingCell.m in Sources */ = {isa = PBXBuildFile; fileRef = ED139EDF2296711B004B6D1C /* TJTextSettingCell.m */; };
		ED139EE3229671BC004B6D1C /* TJSettingCheckCell.m in Sources */ = {isa = PBXBuildFile; fileRef = ED139EE2229671BC004B6D1C /* TJSettingCheckCell.m */; };
		ED139EE6229672AA004B6D1C /* TJGenderSettingViewController.m in Sources */ = {isa = PBXBuildFile; fileRef = ED139EE5229672AA004B6D1C /* TJGenderSettingViewController.m */; };
		ED139EE92296737B004B6D1C /* TJMobileSettingViewController.m in Sources */ = {isa = PBXBuildFile; fileRef = ED139EE82296737B004B6D1C /* TJMobileSettingViewController.m */; };
		ED139EEF22969731004B6D1C /* TJUserSignRecordRequest.m in Sources */ = {isa = PBXBuildFile; fileRef = ED139EEE22969731004B6D1C /* TJUserSignRecordRequest.m */; };
		ED139EF2229697D0004B6D1C /* TJMySignRecordViewController.m in Sources */ = {isa = PBXBuildFile; fileRef = ED139EF1229697D0004B6D1C /* TJMySignRecordViewController.m */; };
		ED139EF522969B8F004B6D1C /* TJUserSignRecord.m in Sources */ = {isa = PBXBuildFile; fileRef = ED139EF422969B8F004B6D1C /* TJUserSignRecord.m */; };
		ED3E078E228AF60F00BEC88F /* TJMainViewController.m in Sources */ = {isa = PBXBuildFile; fileRef = ED3E078D228AF60F00BEC88F /* TJMainViewController.m */; };
		ED3E0791228AFB8600BEC88F /* TJMineViewController.m in Sources */ = {isa = PBXBuildFile; fileRef = ED3E0790228AFB8600BEC88F /* TJMineViewController.m */; };
		ED3E0795228B06D900BEC88F /* TJMineHeaderView.m in Sources */ = {isa = PBXBuildFile; fileRef = ED3E0794228B06D900BEC88F /* TJMineHeaderView.m */; };
		ED3E0798228B09DE00BEC88F /* TJLoginViewPresentAnimation.m in Sources */ = {isa = PBXBuildFile; fileRef = ED3E0797228B09DE00BEC88F /* TJLoginViewPresentAnimation.m */; };
		ED5315AB2292F0D40069199A /* TJGetCurrentSignRequest.m in Sources */ = {isa = PBXBuildFile; fileRef = ED5315AA2292F0D40069199A /* TJGetCurrentSignRequest.m */; };
		ED5315B12292F5110069199A /* TJSign.m in Sources */ = {isa = PBXBuildFile; fileRef = ED5315B02292F5110069199A /* TJSign.m */; };
		ED58F036229188D8000298A0 /* TJContactUtilCell.m in Sources */ = {isa = PBXBuildFile; fileRef = ED58F035229188D8000298A0 /* TJContactUtilCell.m */; };
		ED58F03922918A39000298A0 /* TJGroupedDataCollection.m in Sources */ = {isa = PBXBuildFile; fileRef = ED58F03822918A39000298A0 /* TJGroupedDataCollection.m */; };
		ED58F03C22918AEE000298A0 /* TJGroupedContacts.m in Sources */ = {isa = PBXBuildFile; fileRef = ED58F03B22918AEE000298A0 /* TJGroupedContacts.m */; };
		ED58F03F22918B2B000298A0 /* TJContactDataMember.m in Sources */ = {isa = PBXBuildFile; fileRef = ED58F03E22918B2B000298A0 /* TJContactDataMember.m */; };
		ED58F04222918B9A000298A0 /* TJSpellingCenter.m in Sources */ = {isa = PBXBuildFile; fileRef = ED58F04122918B9A000298A0 /* TJSpellingCenter.m */; };
		ED58F04522918C58000298A0 /* TJPinyinConverter.m in Sources */ = {isa = PBXBuildFile; fileRef = ED58F04422918C58000298A0 /* TJPinyinConverter.m */; };
		ED58F04C22918DB7000298A0 /* TJContactViewController.m in Sources */ = {isa = PBXBuildFile; fileRef = ED58F04B22918DB7000298A0 /* TJContactViewController.m */; };
		ED58F04F22918E81000298A0 /* TJContactUtilItem.m in Sources */ = {isa = PBXBuildFile; fileRef = ED58F04E22918E81000298A0 /* TJContactUtilItem.m */; };
		ED6A108C228BD04200E533B2 /* TJMineCell.m in Sources */ = {isa = PBXBuildFile; fileRef = ED6A108B228BD04100E533B2 /* TJMineCell.m */; };
		ED6A108F228BD53700E533B2 /* TJSignViewController.m in Sources */ = {isa = PBXBuildFile; fileRef = ED6A108E228BD53700E533B2 /* TJSignViewController.m */; };
		ED6A1093228BD55800E533B2 /* TJSignClassCell.m in Sources */ = {isa = PBXBuildFile; fileRef = ED6A1092228BD55800E533B2 /* TJSignClassCell.m */; };
		ED6A1099228BD7EF00E533B2 /* TJGroup.m in Sources */ = {isa = PBXBuildFile; fileRef = ED6A1098228BD7EF00E533B2 /* TJGroup.m */; };
		EDD3C627229523C7009919FD /* TJSignedUser.m in Sources */ = {isa = PBXBuildFile; fileRef = EDD3C626229523C7009919FD /* TJSignedUser.m */; };
		EDD77745228E9217006730B1 /* TJMyCreatedClassesRequest.m in Sources */ = {isa = PBXBuildFile; fileRef = EDD77744228E9217006730B1 /* TJMyCreatedClassesRequest.m */; };
		EDD77749228E96B9006730B1 /* TJUserManager.m in Sources */ = {isa = PBXBuildFile; fileRef = EDD77748228E96B9006730B1 /* TJUserManager.m */; };
		EDD7774F228E9B5E006730B1 /* TJMyClassDetailViewController.m in Sources */ = {isa = PBXBuildFile; fileRef = EDD7774E228E9B5E006730B1 /* TJMyClassDetailViewController.m */; };
		EDD77752228E9C01006730B1 /* TJMyClassDetailView.m in Sources */ = {isa = PBXBuildFile; fileRef = EDD77751228E9C01006730B1 /* TJMyClassDetailView.m */; };
		EDD77756228ED0D9006730B1 /* UIImage+Ex.m in Sources */ = {isa = PBXBuildFile; fileRef = EDD77755228ED0D9006730B1 /* UIImage+Ex.m */; };
		EDE946D8228D74EA0027802F /* TJBaseRequest.m in Sources */ = {isa = PBXBuildFile; fileRef = EDE946D7228D74EA0027802F /* TJBaseRequest.m */; };
		EDE946E2228D7B8B0027802F /* TJJoinedClassesRequest.m in Sources */ = {isa = PBXBuildFile; fileRef = EDE946E1228D7B8B0027802F /* TJJoinedClassesRequest.m */; };
		EDE946E6228D93630027802F /* TJRefreshHeader.m in Sources */ = {isa = PBXBuildFile; fileRef = EDE946E5228D93630027802F /* TJRefreshHeader.m */; };
		EDE946EA228D98FD0027802F /* TJMyClassesViewController.m in Sources */ = {isa = PBXBuildFile; fileRef = EDE946E9228D98FD0027802F /* TJMyClassesViewController.m */; };
		EDE946EE228DA7BF0027802F /* TJCreateClassRequest.m in Sources */ = {isa = PBXBuildFile; fileRef = EDE946ED228DA7BF0027802F /* TJCreateClassRequest.m */; };
		EDFFE057228BD92900A039DF /* TJUser.m in Sources */ = {isa = PBXBuildFile; fileRef = EDFFE056228BD92900A039DF /* TJUser.m */; };
/* End PBXBuildFile section */

/* Begin PBXFileReference section */
		30232253F3290DE8DFD01F77 /* Pods-TJClass.debug.xcconfig */ = {isa = PBXFileReference; includeInIndex = 1; lastKnownFileType = text.xcconfig; name = "Pods-TJClass.debug.xcconfig"; path = "Pods/Target Support Files/Pods-TJClass/Pods-TJClass.debug.xcconfig"; sourceTree = "<group>"; };
		3D07B746227DD42F00596994 /* TJLoginView.h */ = {isa = PBXFileReference; lastKnownFileType = sourcecode.c.h; path = TJLoginView.h; sourceTree = "<group>"; };
		3D07B747227DD42F00596994 /* TJLoginView.m */ = {isa = PBXFileReference; lastKnownFileType = sourcecode.c.objc; path = TJLoginView.m; sourceTree = "<group>"; };
		3D5BDC0E227C617D00C32105 /* TJClass.app */ = {isa = PBXFileReference; explicitFileType = wrapper.application; includeInIndex = 0; path = TJClass.app; sourceTree = BUILT_PRODUCTS_DIR; };
		3D5BDC11227C617D00C32105 /* AppDelegate.h */ = {isa = PBXFileReference; lastKnownFileType = sourcecode.c.h; path = AppDelegate.h; sourceTree = "<group>"; };
		3D5BDC12227C617D00C32105 /* AppDelegate.m */ = {isa = PBXFileReference; lastKnownFileType = sourcecode.c.objc; path = AppDelegate.m; sourceTree = "<group>"; };
		3D5BDC1A227C617F00C32105 /* Assets.xcassets */ = {isa = PBXFileReference; lastKnownFileType = folder.assetcatalog; path = Assets.xcassets; sourceTree = "<group>"; };
		3D5BDC1D227C617F00C32105 /* Base */ = {isa = PBXFileReference; lastKnownFileType = file.storyboard; name = Base; path = Base.lproj/LaunchScreen.storyboard; sourceTree = "<group>"; };
		3D5BDC1F227C617F00C32105 /* Info.plist */ = {isa = PBXFileReference; lastKnownFileType = text.plist.xml; path = Info.plist; sourceTree = "<group>"; };
		3D5BDC20227C617F00C32105 /* main.m */ = {isa = PBXFileReference; lastKnownFileType = sourcecode.c.objc; path = main.m; sourceTree = "<group>"; };
		3D5BDC27227C61D800C32105 /* TJLoginViewController.h */ = {isa = PBXFileReference; lastKnownFileType = sourcecode.c.h; path = TJLoginViewController.h; sourceTree = "<group>"; };
		3D5BDC28227C61D800C32105 /* TJLoginViewController.m */ = {isa = PBXFileReference; lastKnownFileType = sourcecode.c.objc; path = TJLoginViewController.m; sourceTree = "<group>"; };
		3D8DD49F2287B50900C03985 /* TJClassPrefixHeader.pch */ = {isa = PBXFileReference; lastKnownFileType = sourcecode.c.h; path = TJClassPrefixHeader.pch; sourceTree = "<group>"; };
		3D8DD4A02287B67C00C03985 /* TJCommonHeader.h */ = {isa = PBXFileReference; lastKnownFileType = sourcecode.c.h; path = TJCommonHeader.h; sourceTree = "<group>"; };
		6626802D42FCCD2A548C9016 /* libPods-TJClass.a */ = {isa = PBXFileReference; explicitFileType = archive.ar; includeInIndex = 0; path = "libPods-TJClass.a"; sourceTree = BUILT_PRODUCTS_DIR; };
		90F5E285D8424ACCF509F98C /* Pods-TJClass.release.xcconfig */ = {isa = PBXFileReference; includeInIndex = 1; lastKnownFileType = text.xcconfig; name = "Pods-TJClass.release.xcconfig"; path = "Pods/Target Support Files/Pods-TJClass/Pods-TJClass.release.xcconfig"; sourceTree = "<group>"; };
		ED0BD19622902554006852D4 /* TJGetNIMTokenRequest.h */ = {isa = PBXFileReference; lastKnownFileType = sourcecode.c.h; path = TJGetNIMTokenRequest.h; sourceTree = "<group>"; };
		ED0BD19722902554006852D4 /* TJGetNIMTokenRequest.m */ = {isa = PBXFileReference; lastKnownFileType = sourcecode.c.objc; path = TJGetNIMTokenRequest.m; sourceTree = "<group>"; };
		ED0BD19922905927006852D4 /* TJSessionListViewController.h */ = {isa = PBXFileReference; lastKnownFileType = sourcecode.c.h; path = TJSessionListViewController.h; sourceTree = "<group>"; };
		ED0BD19A22905927006852D4 /* TJSessionListViewController.m */ = {isa = PBXFileReference; lastKnownFileType = sourcecode.c.objc; path = TJSessionListViewController.m; sourceTree = "<group>"; };
		ED0BD19C22905C55006852D4 /* TJAddFriendViewController.h */ = {isa = PBXFileReference; lastKnownFileType = sourcecode.c.h; path = TJAddFriendViewController.h; sourceTree = "<group>"; };
		ED0BD19D22905C55006852D4 /* TJAddFriendViewController.m */ = {isa = PBXFileReference; lastKnownFileType = sourcecode.c.objc; path = TJAddFriendViewController.m; sourceTree = "<group>"; };
		ED0BD19F2290616D006852D4 /* TJAddFriendCell.h */ = {isa = PBXFileReference; lastKnownFileType = sourcecode.c.h; path = TJAddFriendCell.h; sourceTree = "<group>"; };
		ED0BD1A02290616D006852D4 /* TJAddFriendCell.m */ = {isa = PBXFileReference; lastKnownFileType = sourcecode.c.objc; path = TJAddFriendCell.m; sourceTree = "<group>"; };
		ED0BD1A2229061CD006852D4 /* UIView+Ex.h */ = {isa = PBXFileReference; lastKnownFileType = sourcecode.c.h; path = "UIView+Ex.h"; sourceTree = "<group>"; };
		ED0BD1A3229061CD006852D4 /* UIView+Ex.m */ = {isa = PBXFileReference; lastKnownFileType = sourcecode.c.objc; path = "UIView+Ex.m"; sourceTree = "<group>"; };
		ED0BD1A52291484A006852D4 /* TJGroupListViewController.h */ = {isa = PBXFileReference; lastKnownFileType = sourcecode.c.h; path = TJGroupListViewController.h; sourceTree = "<group>"; };
		ED0BD1A62291484A006852D4 /* TJGroupListViewController.m */ = {isa = PBXFileReference; lastKnownFileType = sourcecode.c.objc; path = TJGroupListViewController.m; sourceTree = "<group>"; };
		ED0BD1A8229177DC006852D4 /* TJSessionViewController.h */ = {isa = PBXFileReference; lastKnownFileType = sourcecode.c.h; path = TJSessionViewController.h; sourceTree = "<group>"; };
		ED0BD1A9229177DC006852D4 /* TJSessionViewController.m */ = {isa = PBXFileReference; lastKnownFileType = sourcecode.c.objc; path = TJSessionViewController.m; sourceTree = "<group>"; };
		ED0BD1AB22917EFC006852D4 /* TJSessionUtil.h */ = {isa = PBXFileReference; lastKnownFileType = sourcecode.c.h; path = TJSessionUtil.h; sourceTree = "<group>"; };
		ED0BD1AC22917EFC006852D4 /* TJSessionUtil.m */ = {isa = PBXFileReference; lastKnownFileType = sourcecode.c.objc; path = TJSessionUtil.m; sourceTree = "<group>"; };
		ED0BD1AE229186EF006852D4 /* TJContactDefines.h */ = {isa = PBXFileReference; lastKnownFileType = sourcecode.c.h; path = TJContactDefines.h; sourceTree = "<group>"; };
		ED0FB1E22293D425005C21A2 /* TJDoSignRequest.h */ = {isa = PBXFileReference; lastKnownFileType = sourcecode.c.h; path = TJDoSignRequest.h; sourceTree = "<group>"; };
		ED0FB1E32293D425005C21A2 /* TJDoSignRequest.m */ = {isa = PBXFileReference; lastKnownFileType = sourcecode.c.objc; path = TJDoSignRequest.m; sourceTree = "<group>"; };
		ED0FB1E522941423005C21A2 /* TJSignRecordViewController.h */ = {isa = PBXFileReference; lastKnownFileType = sourcecode.c.h; path = TJSignRecordViewController.h; sourceTree = "<group>"; };
		ED0FB1E622941423005C21A2 /* TJSignRecordViewController.m */ = {isa = PBXFileReference; lastKnownFileType = sourcecode.c.objc; path = TJSignRecordViewController.m; sourceTree = "<group>"; };
		ED0FB1E822941534005C21A2 /* TJSignRecordCell.h */ = {isa = PBXFileReference; lastKnownFileType = sourcecode.c.h; path = TJSignRecordCell.h; sourceTree = "<group>"; };
		ED0FB1E922941534005C21A2 /* TJSignRecordCell.m */ = {isa = PBXFileReference; lastKnownFileType = sourcecode.c.objc; path = TJSignRecordCell.m; sourceTree = "<group>"; };
		ED0FB1EB22943D79005C21A2 /* TJSignRecordDetailViewController.h */ = {isa = PBXFileReference; lastKnownFileType = sourcecode.c.h; path = TJSignRecordDetailViewController.h; sourceTree = "<group>"; };
		ED0FB1EC22943D79005C21A2 /* TJSignRecordDetailViewController.m */ = {isa = PBXFileReference; lastKnownFileType = sourcecode.c.objc; path = TJSignRecordDetailViewController.m; sourceTree = "<group>"; };
		ED131F8422926C1B000D9E4B /* TJPersonCardViewController.h */ = {isa = PBXFileReference; lastKnownFileType = sourcecode.c.h; path = TJPersonCardViewController.h; sourceTree = "<group>"; };
		ED131F8522926C1B000D9E4B /* TJPersonCardViewController.m */ = {isa = PBXFileReference; lastKnownFileType = sourcecode.c.objc; path = TJPersonCardViewController.m; sourceTree = "<group>"; };
		ED131F8722926DEB000D9E4B /* TJSettingSwitcherCell.h */ = {isa = PBXFileReference; lastKnownFileType = sourcecode.c.h; path = TJSettingSwitcherCell.h; sourceTree = "<group>"; };
		ED131F8822926DEB000D9E4B /* TJSettingSwitcherCell.m */ = {isa = PBXFileReference; lastKnownFileType = sourcecode.c.objc; path = TJSettingSwitcherCell.m; sourceTree = "<group>"; };
		ED131F8A22928B3E000D9E4B /* NTESSystemNotificationViewController.m */ = {isa = PBXFileReference; fileEncoding = 4; lastKnownFileType = sourcecode.c.objc; path = NTESSystemNotificationViewController.m; sourceTree = "<group>"; };
		ED131F8B22928B3E000D9E4B /* NTESSystemNotificationCell.xib */ = {isa = PBXFileReference; fileEncoding = 4; lastKnownFileType = file.xib; path = NTESSystemNotificationCell.xib; sourceTree = "<group>"; };
		ED131F8C22928B3E000D9E4B /* NTESSystemNotificationViewController.h */ = {isa = PBXFileReference; fileEncoding = 4; lastKnownFileType = sourcecode.c.h; path = NTESSystemNotificationViewController.h; sourceTree = "<group>"; };
		ED131F8D22928B3E000D9E4B /* NTESSystemNotificationViewController.xib */ = {isa = PBXFileReference; fileEncoding = 4; lastKnownFileType = file.xib; path = NTESSystemNotificationViewController.xib; sourceTree = "<group>"; };
		ED131F8E22928B3E000D9E4B /* NTESSystemNotificationCell.h */ = {isa = PBXFileReference; fileEncoding = 4; lastKnownFileType = sourcecode.c.h; path = NTESSystemNotificationCell.h; sourceTree = "<group>"; };
		ED131F8F22928B3F000D9E4B /* NTESSystemNotificationCell.m */ = {isa = PBXFileReference; fileEncoding = 4; lastKnownFileType = sourcecode.c.objc; path = NTESSystemNotificationCell.m; sourceTree = "<group>"; };
		ED131F9422928D12000D9E4B /* TJPersonalCardViewController.h */ = {isa = PBXFileReference; lastKnownFileType = sourcecode.c.h; path = TJPersonalCardViewController.h; sourceTree = "<group>"; };
		ED131F9522928D12000D9E4B /* TJPersonalCardViewController.m */ = {isa = PBXFileReference; lastKnownFileType = sourcecode.c.objc; path = TJPersonalCardViewController.m; sourceTree = "<group>"; };
		ED131F97229290FB000D9E4B /* TJColorButtonCell.h */ = {isa = PBXFileReference; lastKnownFileType = sourcecode.c.h; path = TJColorButtonCell.h; sourceTree = "<group>"; };
		ED131F98229290FB000D9E4B /* TJColorButtonCell.m */ = {isa = PBXFileReference; lastKnownFileType = sourcecode.c.objc; path = TJColorButtonCell.m; sourceTree = "<group>"; };
		ED131F9A2292943D000D9E4B /* TJAliasSettingViewController.h */ = {isa = PBXFileReference; lastKnownFileType = sourcecode.c.h; path = TJAliasSettingViewController.h; sourceTree = "<group>"; };
		ED131F9B2292943D000D9E4B /* TJAliasSettingViewController.m */ = {isa = PBXFileReference; lastKnownFileType = sourcecode.c.objc; path = TJAliasSettingViewController.m; sourceTree = "<group>"; };
		ED131F9D22929B92000D9E4B /* TJSessionConfig.h */ = {isa = PBXFileReference; lastKnownFileType = sourcecode.c.h; path = TJSessionConfig.h; sourceTree = "<group>"; };
		ED131F9E22929B92000D9E4B /* TJSessionConfig.m */ = {isa = PBXFileReference; lastKnownFileType = sourcecode.c.objc; path = TJSessionConfig.m; sourceTree = "<group>"; };
		ED131FA02292BDAE000D9E4B /* TJCreateSignViewController.h */ = {isa = PBXFileReference; lastKnownFileType = sourcecode.c.h; path = TJCreateSignViewController.h; sourceTree = "<group>"; };
		ED131FA12292BDAE000D9E4B /* TJCreateSignViewController.m */ = {isa = PBXFileReference; lastKnownFileType = sourcecode.c.objc; path = TJCreateSignViewController.m; sourceTree = "<group>"; };
		ED131FA32292CB07000D9E4B /* TJCreateSignRequest.h */ = {isa = PBXFileReference; lastKnownFileType = sourcecode.c.h; path = TJCreateSignRequest.h; sourceTree = "<group>"; };
		ED131FA42292CB07000D9E4B /* TJCreateSignRequest.m */ = {isa = PBXFileReference; lastKnownFileType = sourcecode.c.objc; path = TJCreateSignRequest.m; sourceTree = "<group>"; };
		ED139ED122964C53004B6D1C /* TJSettingPortraitCell.h */ = {isa = PBXFileReference; lastKnownFileType = sourcecode.c.h; path = TJSettingPortraitCell.h; sourceTree = "<group>"; };
		ED139ED222964C53004B6D1C /* TJSettingPortraitCell.m */ = {isa = PBXFileReference; lastKnownFileType = sourcecode.c.objc; path = TJSettingPortraitCell.m; sourceTree = "<group>"; };
		ED139ED4229663BB004B6D1C /* TJUserInfoSettingViewController.h */ = {isa = PBXFileReference; lastKnownFileType = sourcecode.c.h; path = TJUserInfoSettingViewController.h; sourceTree = "<group>"; };
		ED139ED5229663BB004B6D1C /* TJUserInfoSettingViewController.m */ = {isa = PBXFileReference; lastKnownFileType = sourcecode.c.objc; path = TJUserInfoSettingViewController.m; sourceTree = "<group>"; };
		ED139EDB22967007004B6D1C /* TJNickNameSettingViewController.h */ = {isa = PBXFileReference; lastKnownFileType = sourcecode.c.h; path = TJNickNameSettingViewController.h; sourceTree = "<group>"; };
		ED139EDC22967007004B6D1C /* TJNickNameSettingViewController.m */ = {isa = PBXFileReference; lastKnownFileType = sourcecode.c.objc; path = TJNickNameSettingViewController.m; sourceTree = "<group>"; };
		ED139EDE2296711B004B6D1C /* TJTextSettingCell.h */ = {isa = PBXFileReference; lastKnownFileType = sourcecode.c.h; path = TJTextSettingCell.h; sourceTree = "<group>"; };
		ED139EDF2296711B004B6D1C /* TJTextSettingCell.m */ = {isa = PBXFileReference; lastKnownFileType = sourcecode.c.objc; path = TJTextSettingCell.m; sourceTree = "<group>"; };
		ED139EE1229671BC004B6D1C /* TJSettingCheckCell.h */ = {isa = PBXFileReference; lastKnownFileType = sourcecode.c.h; path = TJSettingCheckCell.h; sourceTree = "<group>"; };
		ED139EE2229671BC004B6D1C /* TJSettingCheckCell.m */ = {isa = PBXFileReference; lastKnownFileType = sourcecode.c.objc; path = TJSettingCheckCell.m; sourceTree = "<group>"; };
		ED139EE4229672AA004B6D1C /* TJGenderSettingViewController.h */ = {isa = PBXFileReference; lastKnownFileType = sourcecode.c.h; path = TJGenderSettingViewController.h; sourceTree = "<group>"; };
		ED139EE5229672AA004B6D1C /* TJGenderSettingViewController.m */ = {isa = PBXFileReference; lastKnownFileType = sourcecode.c.objc; path = TJGenderSettingViewController.m; sourceTree = "<group>"; };
		ED139EE72296737B004B6D1C /* TJMobileSettingViewController.h */ = {isa = PBXFileReference; lastKnownFileType = sourcecode.c.h; path = TJMobileSettingViewController.h; sourceTree = "<group>"; };
		ED139EE82296737B004B6D1C /* TJMobileSettingViewController.m */ = {isa = PBXFileReference; lastKnownFileType = sourcecode.c.objc; path = TJMobileSettingViewController.m; sourceTree = "<group>"; };
		ED139EED22969731004B6D1C /* TJUserSignRecordRequest.h */ = {isa = PBXFileReference; lastKnownFileType = sourcecode.c.h; path = TJUserSignRecordRequest.h; sourceTree = "<group>"; };
		ED139EEE22969731004B6D1C /* TJUserSignRecordRequest.m */ = {isa = PBXFileReference; lastKnownFileType = sourcecode.c.objc; path = TJUserSignRecordRequest.m; sourceTree = "<group>"; };
		ED139EF0229697D0004B6D1C /* TJMySignRecordViewController.h */ = {isa = PBXFileReference; lastKnownFileType = sourcecode.c.h; path = TJMySignRecordViewController.h; sourceTree = "<group>"; };
		ED139EF1229697D0004B6D1C /* TJMySignRecordViewController.m */ = {isa = PBXFileReference; lastKnownFileType = sourcecode.c.objc; path = TJMySignRecordViewController.m; sourceTree = "<group>"; };
		ED139EF322969B8F004B6D1C /* TJUserSignRecord.h */ = {isa = PBXFileReference; lastKnownFileType = sourcecode.c.h; path = TJUserSignRecord.h; sourceTree = "<group>"; };
		ED139EF422969B8F004B6D1C /* TJUserSignRecord.m */ = {isa = PBXFileReference; lastKnownFileType = sourcecode.c.objc; path = TJUserSignRecord.m; sourceTree = "<group>"; };
		ED3E078C228AF60F00BEC88F /* TJMainViewController.h */ = {isa = PBXFileReference; lastKnownFileType = sourcecode.c.h; path = TJMainViewController.h; sourceTree = "<group>"; };
		ED3E078D228AF60F00BEC88F /* TJMainViewController.m */ = {isa = PBXFileReference; lastKnownFileType = sourcecode.c.objc; path = TJMainViewController.m; sourceTree = "<group>"; };
		ED3E078F228AFB8600BEC88F /* TJMineViewController.h */ = {isa = PBXFileReference; lastKnownFileType = sourcecode.c.h; path = TJMineViewController.h; sourceTree = "<group>"; };
		ED3E0790228AFB8600BEC88F /* TJMineViewController.m */ = {isa = PBXFileReference; lastKnownFileType = sourcecode.c.objc; path = TJMineViewController.m; sourceTree = "<group>"; };
		ED3E0793228B06D900BEC88F /* TJMineHeaderView.h */ = {isa = PBXFileReference; lastKnownFileType = sourcecode.c.h; path = TJMineHeaderView.h; sourceTree = "<group>"; };
		ED3E0794228B06D900BEC88F /* TJMineHeaderView.m */ = {isa = PBXFileReference; lastKnownFileType = sourcecode.c.objc; path = TJMineHeaderView.m; sourceTree = "<group>"; };
		ED3E0796228B09DE00BEC88F /* TJLoginViewPresentAnimation.h */ = {isa = PBXFileReference; lastKnownFileType = sourcecode.c.h; path = TJLoginViewPresentAnimation.h; sourceTree = "<group>"; };
		ED3E0797228B09DE00BEC88F /* TJLoginViewPresentAnimation.m */ = {isa = PBXFileReference; lastKnownFileType = sourcecode.c.objc; path = TJLoginViewPresentAnimation.m; sourceTree = "<group>"; };
		ED5315A92292F0D40069199A /* TJGetCurrentSignRequest.h */ = {isa = PBXFileReference; lastKnownFileType = sourcecode.c.h; path = TJGetCurrentSignRequest.h; sourceTree = "<group>"; };
		ED5315AA2292F0D40069199A /* TJGetCurrentSignRequest.m */ = {isa = PBXFileReference; lastKnownFileType = sourcecode.c.objc; path = TJGetCurrentSignRequest.m; sourceTree = "<group>"; };
		ED5315AF2292F5110069199A /* TJSign.h */ = {isa = PBXFileReference; lastKnownFileType = sourcecode.c.h; path = TJSign.h; sourceTree = "<group>"; };
		ED5315B02292F5110069199A /* TJSign.m */ = {isa = PBXFileReference; lastKnownFileType = sourcecode.c.objc; path = TJSign.m; sourceTree = "<group>"; };
		ED58F034229188D8000298A0 /* TJContactUtilCell.h */ = {isa = PBXFileReference; lastKnownFileType = sourcecode.c.h; path = TJContactUtilCell.h; sourceTree = "<group>"; };
		ED58F035229188D8000298A0 /* TJContactUtilCell.m */ = {isa = PBXFileReference; lastKnownFileType = sourcecode.c.objc; path = TJContactUtilCell.m; sourceTree = "<group>"; };
		ED58F03722918A39000298A0 /* TJGroupedDataCollection.h */ = {isa = PBXFileReference; lastKnownFileType = sourcecode.c.h; path = TJGroupedDataCollection.h; sourceTree = "<group>"; };
		ED58F03822918A39000298A0 /* TJGroupedDataCollection.m */ = {isa = PBXFileReference; lastKnownFileType = sourcecode.c.objc; path = TJGroupedDataCollection.m; sourceTree = "<group>"; };
		ED58F03A22918AEE000298A0 /* TJGroupedContacts.h */ = {isa = PBXFileReference; lastKnownFileType = sourcecode.c.h; path = TJGroupedContacts.h; sourceTree = "<group>"; };
		ED58F03B22918AEE000298A0 /* TJGroupedContacts.m */ = {isa = PBXFileReference; lastKnownFileType = sourcecode.c.objc; path = TJGroupedContacts.m; sourceTree = "<group>"; };
		ED58F03D22918B2B000298A0 /* TJContactDataMember.h */ = {isa = PBXFileReference; lastKnownFileType = sourcecode.c.h; path = TJContactDataMember.h; sourceTree = "<group>"; };
		ED58F03E22918B2B000298A0 /* TJContactDataMember.m */ = {isa = PBXFileReference; lastKnownFileType = sourcecode.c.objc; path = TJContactDataMember.m; sourceTree = "<group>"; };
		ED58F04022918B9A000298A0 /* TJSpellingCenter.h */ = {isa = PBXFileReference; lastKnownFileType = sourcecode.c.h; path = TJSpellingCenter.h; sourceTree = "<group>"; };
		ED58F04122918B9A000298A0 /* TJSpellingCenter.m */ = {isa = PBXFileReference; lastKnownFileType = sourcecode.c.objc; path = TJSpellingCenter.m; sourceTree = "<group>"; };
		ED58F04322918C58000298A0 /* TJPinyinConverter.h */ = {isa = PBXFileReference; lastKnownFileType = sourcecode.c.h; path = TJPinyinConverter.h; sourceTree = "<group>"; };
		ED58F04422918C58000298A0 /* TJPinyinConverter.m */ = {isa = PBXFileReference; lastKnownFileType = sourcecode.c.objc; path = TJPinyinConverter.m; sourceTree = "<group>"; };
		ED58F04A22918DB7000298A0 /* TJContactViewController.h */ = {isa = PBXFileReference; lastKnownFileType = sourcecode.c.h; path = TJContactViewController.h; sourceTree = "<group>"; };
		ED58F04B22918DB7000298A0 /* TJContactViewController.m */ = {isa = PBXFileReference; lastKnownFileType = sourcecode.c.objc; path = TJContactViewController.m; sourceTree = "<group>"; };
		ED58F04D22918E81000298A0 /* TJContactUtilItem.h */ = {isa = PBXFileReference; lastKnownFileType = sourcecode.c.h; path = TJContactUtilItem.h; sourceTree = "<group>"; };
		ED58F04E22918E81000298A0 /* TJContactUtilItem.m */ = {isa = PBXFileReference; lastKnownFileType = sourcecode.c.objc; path = TJContactUtilItem.m; sourceTree = "<group>"; };
		ED6A108A228BD04100E533B2 /* TJMineCell.h */ = {isa = PBXFileReference; lastKnownFileType = sourcecode.c.h; path = TJMineCell.h; sourceTree = "<group>"; };
		ED6A108B228BD04100E533B2 /* TJMineCell.m */ = {isa = PBXFileReference; lastKnownFileType = sourcecode.c.objc; path = TJMineCell.m; sourceTree = "<group>"; };
		ED6A108D228BD53700E533B2 /* TJSignViewController.h */ = {isa = PBXFileReference; lastKnownFileType = sourcecode.c.h; path = TJSignViewController.h; sourceTree = "<group>"; };
		ED6A108E228BD53700E533B2 /* TJSignViewController.m */ = {isa = PBXFileReference; lastKnownFileType = sourcecode.c.objc; path = TJSignViewController.m; sourceTree = "<group>"; };
		ED6A1091228BD55800E533B2 /* TJSignClassCell.h */ = {isa = PBXFileReference; lastKnownFileType = sourcecode.c.h; path = TJSignClassCell.h; sourceTree = "<group>"; };
		ED6A1092228BD55800E533B2 /* TJSignClassCell.m */ = {isa = PBXFileReference; lastKnownFileType = sourcecode.c.objc; path = TJSignClassCell.m; sourceTree = "<group>"; };
		ED6A1097228BD7EF00E533B2 /* TJGroup.h */ = {isa = PBXFileReference; lastKnownFileType = sourcecode.c.h; path = TJGroup.h; sourceTree = "<group>"; };
		ED6A1098228BD7EF00E533B2 /* TJGroup.m */ = {isa = PBXFileReference; lastKnownFileType = sourcecode.c.objc; path = TJGroup.m; sourceTree = "<group>"; };
		EDD3C625229523C7009919FD /* TJSignedUser.h */ = {isa = PBXFileReference; lastKnownFileType = sourcecode.c.h; path = TJSignedUser.h; sourceTree = "<group>"; };
		EDD3C626229523C7009919FD /* TJSignedUser.m */ = {isa = PBXFileReference; lastKnownFileType = sourcecode.c.objc; path = TJSignedUser.m; sourceTree = "<group>"; };
		EDD77743228E9217006730B1 /* TJMyCreatedClassesRequest.h */ = {isa = PBXFileReference; lastKnownFileType = sourcecode.c.h; path = TJMyCreatedClassesRequest.h; sourceTree = "<group>"; };
		EDD77744228E9217006730B1 /* TJMyCreatedClassesRequest.m */ = {isa = PBXFileReference; lastKnownFileType = sourcecode.c.objc; path = TJMyCreatedClassesRequest.m; sourceTree = "<group>"; };
		EDD77747228E96B9006730B1 /* TJUserManager.h */ = {isa = PBXFileReference; lastKnownFileType = sourcecode.c.h; path = TJUserManager.h; sourceTree = "<group>"; };
		EDD77748228E96B9006730B1 /* TJUserManager.m */ = {isa = PBXFileReference; lastKnownFileType = sourcecode.c.objc; path = TJUserManager.m; sourceTree = "<group>"; };
		EDD7774D228E9B5E006730B1 /* TJMyClassDetailViewController.h */ = {isa = PBXFileReference; lastKnownFileType = sourcecode.c.h; path = TJMyClassDetailViewController.h; sourceTree = "<group>"; };
		EDD7774E228E9B5E006730B1 /* TJMyClassDetailViewController.m */ = {isa = PBXFileReference; lastKnownFileType = sourcecode.c.objc; path = TJMyClassDetailViewController.m; sourceTree = "<group>"; };
		EDD77750228E9C01006730B1 /* TJMyClassDetailView.h */ = {isa = PBXFileReference; lastKnownFileType = sourcecode.c.h; path = TJMyClassDetailView.h; sourceTree = "<group>"; };
		EDD77751228E9C01006730B1 /* TJMyClassDetailView.m */ = {isa = PBXFileReference; lastKnownFileType = sourcecode.c.objc; path = TJMyClassDetailView.m; sourceTree = "<group>"; };
		EDD77754228ED0D9006730B1 /* UIImage+Ex.h */ = {isa = PBXFileReference; lastKnownFileType = sourcecode.c.h; path = "UIImage+Ex.h"; sourceTree = "<group>"; };
		EDD77755228ED0D9006730B1 /* UIImage+Ex.m */ = {isa = PBXFileReference; lastKnownFileType = sourcecode.c.objc; path = "UIImage+Ex.m"; sourceTree = "<group>"; };
		EDE946D6228D74EA0027802F /* TJBaseRequest.h */ = {isa = PBXFileReference; lastKnownFileType = sourcecode.c.h; path = TJBaseRequest.h; sourceTree = "<group>"; };
		EDE946D7228D74EA0027802F /* TJBaseRequest.m */ = {isa = PBXFileReference; lastKnownFileType = sourcecode.c.objc; path = TJBaseRequest.m; sourceTree = "<group>"; };
		EDE946E0228D7B8B0027802F /* TJJoinedClassesRequest.h */ = {isa = PBXFileReference; lastKnownFileType = sourcecode.c.h; path = TJJoinedClassesRequest.h; sourceTree = "<group>"; };
		EDE946E1228D7B8B0027802F /* TJJoinedClassesRequest.m */ = {isa = PBXFileReference; lastKnownFileType = sourcecode.c.objc; path = TJJoinedClassesRequest.m; sourceTree = "<group>"; };
		EDE946E4228D93630027802F /* TJRefreshHeader.h */ = {isa = PBXFileReference; lastKnownFileType = sourcecode.c.h; path = TJRefreshHeader.h; sourceTree = "<group>"; };
		EDE946E5228D93630027802F /* TJRefreshHeader.m */ = {isa = PBXFileReference; lastKnownFileType = sourcecode.c.objc; path = TJRefreshHeader.m; sourceTree = "<group>"; };
		EDE946E8228D98FD0027802F /* TJMyClassesViewController.h */ = {isa = PBXFileReference; lastKnownFileType = sourcecode.c.h; path = TJMyClassesViewController.h; sourceTree = "<group>"; };
		EDE946E9228D98FD0027802F /* TJMyClassesViewController.m */ = {isa = PBXFileReference; lastKnownFileType = sourcecode.c.objc; path = TJMyClassesViewController.m; sourceTree = "<group>"; };
		EDE946EC228DA7BF0027802F /* TJCreateClassRequest.h */ = {isa = PBXFileReference; lastKnownFileType = sourcecode.c.h; path = TJCreateClassRequest.h; sourceTree = "<group>"; };
		EDE946ED228DA7BF0027802F /* TJCreateClassRequest.m */ = {isa = PBXFileReference; lastKnownFileType = sourcecode.c.objc; path = TJCreateClassRequest.m; sourceTree = "<group>"; };
		EDFFE055228BD92900A039DF /* TJUser.h */ = {isa = PBXFileReference; lastKnownFileType = sourcecode.c.h; path = TJUser.h; sourceTree = "<group>"; };
		EDFFE056228BD92900A039DF /* TJUser.m */ = {isa = PBXFileReference; lastKnownFileType = sourcecode.c.objc; path = TJUser.m; sourceTree = "<group>"; };
/* End PBXFileReference section */

/* Begin PBXFrameworksBuildPhase section */
		3D5BDC0B227C617D00C32105 /* Frameworks */ = {
			isa = PBXFrameworksBuildPhase;
			buildActionMask = 2147483647;
			files = (
				AF54525A013F4192395B92C0 /* libPods-TJClass.a in Frameworks */,
			);
			runOnlyForDeploymentPostprocessing = 0;
		};
/* End PBXFrameworksBuildPhase section */

/* Begin PBXGroup section */
		3BBF122E88DF97CABE930347 /* Frameworks */ = {
			isa = PBXGroup;
			children = (
				6626802D42FCCD2A548C9016 /* libPods-TJClass.a */,
			);
			name = Frameworks;
			sourceTree = "<group>";
		};
		3D07B741227DC5EB00596994 /* TabBar */ = {
			isa = PBXGroup;
			children = (
				ED3E078C228AF60F00BEC88F /* TJMainViewController.h */,
				ED3E078D228AF60F00BEC88F /* TJMainViewController.m */,
				3D07B742227DCA7900596994 /* Session */,
				ED3E0792228AFB8C00BEC88F /* Mine */,
				ED6A1090228BD53D00E533B2 /* Sign */,
				EDE946EB228D99030027802F /* MyCLass */,
			);
			path = TabBar;
			sourceTree = "<group>";
		};
		3D07B742227DCA7900596994 /* Session */ = {
			isa = PBXGroup;
			children = (
				ED139EF92296A505004B6D1C /* Model */,
				ED139EFA2296A513004B6D1C /* Controller */,
				ED139EFC2296A549004B6D1C /* View */,
				ED139EFD2296A553004B6D1C /* Util */,
			);
			path = Session;
			sourceTree = "<group>";
		};
		3D5BDC05227C617D00C32105 = {
			isa = PBXGroup;
			children = (
				3D5BDC10227C617D00C32105 /* TJClass */,
				3D5BDC0F227C617D00C32105 /* Products */,
				9BBC035E28A8EFEF8424B924 /* Pods */,
				3BBF122E88DF97CABE930347 /* Frameworks */,
			);
			sourceTree = "<group>";
		};
		3D5BDC0F227C617D00C32105 /* Products */ = {
			isa = PBXGroup;
			children = (
				3D5BDC0E227C617D00C32105 /* TJClass.app */,
			);
			name = Products;
			sourceTree = "<group>";
		};
		3D5BDC10227C617D00C32105 /* TJClass */ = {
			isa = PBXGroup;
			children = (
				3D5BDC11227C617D00C32105 /* AppDelegate.h */,
				3D5BDC12227C617D00C32105 /* AppDelegate.m */,
				3D5BDC1A227C617F00C32105 /* Assets.xcassets */,
				3D5BDC1C227C617F00C32105 /* LaunchScreen.storyboard */,
				3D5BDC20227C617F00C32105 /* main.m */,
				3D5BDC2A227C61FA00C32105 /* Login */,
				3D07B741227DC5EB00596994 /* TabBar */,
				3D8DD4A12287BA5300C03985 /* Support */,
				EDE946E7228D94030027802F /* Util */,
			);
			path = TJClass;
			sourceTree = "<group>";
		};
		3D5BDC2A227C61FA00C32105 /* Login */ = {
			isa = PBXGroup;
			children = (
				ED139EF62296A4B4004B6D1C /* Controller */,
				ED139EF72296A4CC004B6D1C /* View */,
				ED139EF82296A4D7004B6D1C /* Network */,
			);
			path = Login;
			sourceTree = "<group>";
		};
		3D8DD4A12287BA5300C03985 /* Support */ = {
			isa = PBXGroup;
			children = (
				3D5BDC1F227C617F00C32105 /* Info.plist */,
				3D8DD49F2287B50900C03985 /* TJClassPrefixHeader.pch */,
				3D8DD4A02287B67C00C03985 /* TJCommonHeader.h */,
			);
			path = Support;
			sourceTree = "<group>";
		};
		9BBC035E28A8EFEF8424B924 /* Pods */ = {
			isa = PBXGroup;
			children = (
				30232253F3290DE8DFD01F77 /* Pods-TJClass.debug.xcconfig */,
				90F5E285D8424ACCF509F98C /* Pods-TJClass.release.xcconfig */,
			);
			name = Pods;
			sourceTree = "<group>";
		};
		ED139EF62296A4B4004B6D1C /* Controller */ = {
			isa = PBXGroup;
			children = (
				3D5BDC27227C61D800C32105 /* TJLoginViewController.h */,
				3D5BDC28227C61D800C32105 /* TJLoginViewController.m */,
			);
			path = Controller;
			sourceTree = "<group>";
		};
		ED139EF72296A4CC004B6D1C /* View */ = {
			isa = PBXGroup;
			children = (
				3D07B746227DD42F00596994 /* TJLoginView.h */,
				3D07B747227DD42F00596994 /* TJLoginView.m */,
				ED3E0796228B09DE00BEC88F /* TJLoginViewPresentAnimation.h */,
				ED3E0797228B09DE00BEC88F /* TJLoginViewPresentAnimation.m */,
			);
			path = View;
			sourceTree = "<group>";
		};
		ED139EF82296A4D7004B6D1C /* Network */ = {
			isa = PBXGroup;
			children = (
				ED0BD19622902554006852D4 /* TJGetNIMTokenRequest.h */,
				ED0BD19722902554006852D4 /* TJGetNIMTokenRequest.m */,
			);
			path = Network;
			sourceTree = "<group>";
		};
		ED139EF92296A505004B6D1C /* Model */ = {
			isa = PBXGroup;
			children = (
				EDFFE055228BD92900A039DF /* TJUser.h */,
				EDFFE056228BD92900A039DF /* TJUser.m */,
			);
			path = Model;
			sourceTree = "<group>";
		};
		ED139EFA2296A513004B6D1C /* Controller */ = {
			isa = PBXGroup;
			children = (
				ED0BD19922905927006852D4 /* TJSessionListViewController.h */,
				ED0BD19A22905927006852D4 /* TJSessionListViewController.m */,
				ED0BD19C22905C55006852D4 /* TJAddFriendViewController.h */,
				ED0BD19D22905C55006852D4 /* TJAddFriendViewController.m */,
				ED0BD1A8229177DC006852D4 /* TJSessionViewController.h */,
				ED0BD1A9229177DC006852D4 /* TJSessionViewController.m */,
				ED131F8422926C1B000D9E4B /* TJPersonCardViewController.h */,
				ED131F8522926C1B000D9E4B /* TJPersonCardViewController.m */,
			);
			path = Controller;
			sourceTree = "<group>";
		};
		ED139EFC2296A549004B6D1C /* View */ = {
			isa = PBXGroup;
			children = (
				ED0BD19F2290616D006852D4 /* TJAddFriendCell.h */,
				ED0BD1A02290616D006852D4 /* TJAddFriendCell.m */,
				ED131F8722926DEB000D9E4B /* TJSettingSwitcherCell.h */,
				ED131F8822926DEB000D9E4B /* TJSettingSwitcherCell.m */,
			);
			path = View;
			sourceTree = "<group>";
		};
		ED139EFD2296A553004B6D1C /* Util */ = {
			isa = PBXGroup;
			children = (
				ED0BD1AB22917EFC006852D4 /* TJSessionUtil.h */,
				ED0BD1AC22917EFC006852D4 /* TJSessionUtil.m */,
				ED131F9D22929B92000D9E4B /* TJSessionConfig.h */,
				ED131F9E22929B92000D9E4B /* TJSessionConfig.m */,
			);
			path = Util;
			sourceTree = "<group>";
		};
		ED139EFE2296A575004B6D1C /* Controller */ = {
			isa = PBXGroup;
			children = (
				ED3E078F228AFB8600BEC88F /* TJMineViewController.h */,
				ED3E0790228AFB8600BEC88F /* TJMineViewController.m */,
				ED139ED4229663BB004B6D1C /* TJUserInfoSettingViewController.h */,
				ED139ED5229663BB004B6D1C /* TJUserInfoSettingViewController.m */,
				ED139EDB22967007004B6D1C /* TJNickNameSettingViewController.h */,
				ED139EDC22967007004B6D1C /* TJNickNameSettingViewController.m */,
				ED139EE4229672AA004B6D1C /* TJGenderSettingViewController.h */,
				ED139EE5229672AA004B6D1C /* TJGenderSettingViewController.m */,
				ED139EE72296737B004B6D1C /* TJMobileSettingViewController.h */,
				ED139EE82296737B004B6D1C /* TJMobileSettingViewController.m */,
				ED139EF0229697D0004B6D1C /* TJMySignRecordViewController.h */,
				ED139EF1229697D0004B6D1C /* TJMySignRecordViewController.m */,
			);
			path = Controller;
			sourceTree = "<group>";
		};
		ED139EFF2296A588004B6D1C /* View */ = {
			isa = PBXGroup;
			children = (
				ED3E0793228B06D900BEC88F /* TJMineHeaderView.h */,
				ED3E0794228B06D900BEC88F /* TJMineHeaderView.m */,
				ED6A108A228BD04100E533B2 /* TJMineCell.h */,
				ED6A108B228BD04100E533B2 /* TJMineCell.m */,
				ED139ED122964C53004B6D1C /* TJSettingPortraitCell.h */,
				ED139ED222964C53004B6D1C /* TJSettingPortraitCell.m */,
				ED139EDE2296711B004B6D1C /* TJTextSettingCell.h */,
				ED139EDF2296711B004B6D1C /* TJTextSettingCell.m */,
				ED139EE1229671BC004B6D1C /* TJSettingCheckCell.h */,
				ED139EE2229671BC004B6D1C /* TJSettingCheckCell.m */,
			);
			path = View;
			sourceTree = "<group>";
		};
		ED139F002296A596004B6D1C /* Network */ = {
			isa = PBXGroup;
			children = (
				ED139EED22969731004B6D1C /* TJUserSignRecordRequest.h */,
				ED139EEE22969731004B6D1C /* TJUserSignRecordRequest.m */,
			);
			path = Network;
			sourceTree = "<group>";
		};
		ED139F012296A5C7004B6D1C /* View */ = {
			isa = PBXGroup;
			children = (
				ED131F8E22928B3E000D9E4B /* NTESSystemNotificationCell.h */,
				ED131F8F22928B3F000D9E4B /* NTESSystemNotificationCell.m */,
				ED131F8B22928B3E000D9E4B /* NTESSystemNotificationCell.xib */,
				ED58F034229188D8000298A0 /* TJContactUtilCell.h */,
				ED58F035229188D8000298A0 /* TJContactUtilCell.m */,
				ED131F97229290FB000D9E4B /* TJColorButtonCell.h */,
				ED131F98229290FB000D9E4B /* TJColorButtonCell.m */,
			);
			path = View;
			sourceTree = "<group>";
		};
		ED139F022296A5D9004B6D1C /* Controller */ = {
			isa = PBXGroup;
			children = (
				ED131F8C22928B3E000D9E4B /* NTESSystemNotificationViewController.h */,
				ED131F8A22928B3E000D9E4B /* NTESSystemNotificationViewController.m */,
				ED131F8D22928B3E000D9E4B /* NTESSystemNotificationViewController.xib */,
				ED58F04A22918DB7000298A0 /* TJContactViewController.h */,
				ED58F04B22918DB7000298A0 /* TJContactViewController.m */,
				ED131F9422928D12000D9E4B /* TJPersonalCardViewController.h */,
				ED131F9522928D12000D9E4B /* TJPersonalCardViewController.m */,
				ED131F9A2292943D000D9E4B /* TJAliasSettingViewController.h */,
				ED131F9B2292943D000D9E4B /* TJAliasSettingViewController.m */,
			);
			path = Controller;
			sourceTree = "<group>";
		};
		ED139F032296A5EB004B6D1C /* Util */ = {
			isa = PBXGroup;
			children = (
				ED0BD1AE229186EF006852D4 /* TJContactDefines.h */,
				ED58F03722918A39000298A0 /* TJGroupedDataCollection.h */,
				ED58F03822918A39000298A0 /* TJGroupedDataCollection.m */,
				ED58F03A22918AEE000298A0 /* TJGroupedContacts.h */,
				ED58F03B22918AEE000298A0 /* TJGroupedContacts.m */,
				ED58F03D22918B2B000298A0 /* TJContactDataMember.h */,
				ED58F03E22918B2B000298A0 /* TJContactDataMember.m */,
				ED58F04022918B9A000298A0 /* TJSpellingCenter.h */,
				ED58F04122918B9A000298A0 /* TJSpellingCenter.m */,
				ED58F04322918C58000298A0 /* TJPinyinConverter.h */,
				ED58F04422918C58000298A0 /* TJPinyinConverter.m */,
				ED58F04D22918E81000298A0 /* TJContactUtilItem.h */,
				ED58F04E22918E81000298A0 /* TJContactUtilItem.m */,
			);
			path = Util;
			sourceTree = "<group>";
		};
		ED3E0792228AFB8C00BEC88F /* Mine */ = {
			isa = PBXGroup;
			children = (
				ED139EFE2296A575004B6D1C /* Controller */,
				ED139EFF2296A588004B6D1C /* View */,
				ED139F002296A596004B6D1C /* Network */,
			);
			path = Mine;
			sourceTree = "<group>";
		};
		ED58F04622918D4C000298A0 /* Contact */ = {
			isa = PBXGroup;
			children = (
				ED139F012296A5C7004B6D1C /* View */,
				ED139F022296A5D9004B6D1C /* Controller */,
				ED139F032296A5EB004B6D1C /* Util */,
			);
			path = Contact;
			sourceTree = "<group>";
		};
		ED6A1090228BD53D00E533B2 /* Sign */ = {
			isa = PBXGroup;
			children = (
				ED6A1094228BD7BA00E533B2 /* Controller */,
				ED6A1096228BD7DE00E533B2 /* View */,
				ED6A109A228BD7F400E533B2 /* Model */,
				EDE946DF228D7B0F0027802F /* Network */,
			);
			path = Sign;
			sourceTree = "<group>";
		};
		ED6A1094228BD7BA00E533B2 /* Controller */ = {
			isa = PBXGroup;
			children = (
				ED6A108D228BD53700E533B2 /* TJSignViewController.h */,
				ED6A108E228BD53700E533B2 /* TJSignViewController.m */,
				ED131FA02292BDAE000D9E4B /* TJCreateSignViewController.h */,
				ED131FA12292BDAE000D9E4B /* TJCreateSignViewController.m */,
				ED0FB1E522941423005C21A2 /* TJSignRecordViewController.h */,
				ED0FB1E622941423005C21A2 /* TJSignRecordViewController.m */,
				ED0FB1EB22943D79005C21A2 /* TJSignRecordDetailViewController.h */,
				ED0FB1EC22943D79005C21A2 /* TJSignRecordDetailViewController.m */,
			);
			path = Controller;
			sourceTree = "<group>";
		};
		ED6A1096228BD7DE00E533B2 /* View */ = {
			isa = PBXGroup;
			children = (
				ED6A1091228BD55800E533B2 /* TJSignClassCell.h */,
				ED6A1092228BD55800E533B2 /* TJSignClassCell.m */,
				ED0FB1E822941534005C21A2 /* TJSignRecordCell.h */,
				ED0FB1E922941534005C21A2 /* TJSignRecordCell.m */,
			);
			path = View;
			sourceTree = "<group>";
		};
		ED6A109A228BD7F400E533B2 /* Model */ = {
			isa = PBXGroup;
			children = (
				ED6A1097228BD7EF00E533B2 /* TJGroup.h */,
				ED6A1098228BD7EF00E533B2 /* TJGroup.m */,
				ED5315AF2292F5110069199A /* TJSign.h */,
				ED5315B02292F5110069199A /* TJSign.m */,
				EDD3C625229523C7009919FD /* TJSignedUser.h */,
				EDD3C626229523C7009919FD /* TJSignedUser.m */,
				ED139EF322969B8F004B6D1C /* TJUserSignRecord.h */,
				ED139EF422969B8F004B6D1C /* TJUserSignRecord.m */,
			);
			path = Model;
			sourceTree = "<group>";
		};
		EDD77746228E969E006730B1 /* UI */ = {
			isa = PBXGroup;
			children = (
				EDE946E4228D93630027802F /* TJRefreshHeader.h */,
				EDE946E5228D93630027802F /* TJRefreshHeader.m */,
				EDD77754228ED0D9006730B1 /* UIImage+Ex.h */,
				EDD77755228ED0D9006730B1 /* UIImage+Ex.m */,
				ED0BD1A2229061CD006852D4 /* UIView+Ex.h */,
				ED0BD1A3229061CD006852D4 /* UIView+Ex.m */,
			);
			path = UI;
			sourceTree = "<group>";
		};
		EDD7774A228E96BE006730B1 /* Manager */ = {
			isa = PBXGroup;
			children = (
				EDD77747228E96B9006730B1 /* TJUserManager.h */,
				EDD77748228E96B9006730B1 /* TJUserManager.m */,
			);
			path = Manager;
			sourceTree = "<group>";
		};
		EDD7774B228E9AE1006730B1 /* Network */ = {
			isa = PBXGroup;
			children = (
				EDE946EC228DA7BF0027802F /* TJCreateClassRequest.h */,
				EDE946ED228DA7BF0027802F /* TJCreateClassRequest.m */,
				EDD77743228E9217006730B1 /* TJMyCreatedClassesRequest.h */,
				EDD77744228E9217006730B1 /* TJMyCreatedClassesRequest.m */,
			);
			path = Network;
			sourceTree = "<group>";
		};
		EDD7774C228E9AF2006730B1 /* Controller */ = {
			isa = PBXGroup;
			children = (
				EDE946E8228D98FD0027802F /* TJMyClassesViewController.h */,
				EDE946E9228D98FD0027802F /* TJMyClassesViewController.m */,
				EDD7774D228E9B5E006730B1 /* TJMyClassDetailViewController.h */,
				EDD7774E228E9B5E006730B1 /* TJMyClassDetailViewController.m */,
				ED0BD1A52291484A006852D4 /* TJGroupListViewController.h */,
				ED0BD1A62291484A006852D4 /* TJGroupListViewController.m */,
			);
			path = Controller;
			sourceTree = "<group>";
		};
		EDD77753228E9C06006730B1 /* View */ = {
			isa = PBXGroup;
			children = (
				EDD77750228E9C01006730B1 /* TJMyClassDetailView.h */,
				EDD77751228E9C01006730B1 /* TJMyClassDetailView.m */,
			);
			path = View;
			sourceTree = "<group>";
		};
		EDE946DF228D7B0F0027802F /* Network */ = {
			isa = PBXGroup;
			children = (
				EDE946E0228D7B8B0027802F /* TJJoinedClassesRequest.h */,
				EDE946E1228D7B8B0027802F /* TJJoinedClassesRequest.m */,
				ED131FA32292CB07000D9E4B /* TJCreateSignRequest.h */,
				ED131FA42292CB07000D9E4B /* TJCreateSignRequest.m */,
				ED5315A92292F0D40069199A /* TJGetCurrentSignRequest.h */,
				ED5315AA2292F0D40069199A /* TJGetCurrentSignRequest.m */,
				ED0FB1E22293D425005C21A2 /* TJDoSignRequest.h */,
				ED0FB1E32293D425005C21A2 /* TJDoSignRequest.m */,
			);
			path = Network;
			sourceTree = "<group>";
		};
		EDE946E3228D85150027802F /* Network */ = {
			isa = PBXGroup;
			children = (
				EDE946D6228D74EA0027802F /* TJBaseRequest.h */,
				EDE946D7228D74EA0027802F /* TJBaseRequest.m */,
			);
			path = Network;
			sourceTree = "<group>";
		};
		EDE946E7228D94030027802F /* Util */ = {
			isa = PBXGroup;
			children = (
				EDE946E3228D85150027802F /* Network */,
				EDD77746228E969E006730B1 /* UI */,
				EDD7774A228E96BE006730B1 /* Manager */,
			);
			path = Util;
			sourceTree = "<group>";
		};
		EDE946EB228D99030027802F /* MyCLass */ = {
			isa = PBXGroup;
			children = (
				EDD7774C228E9AF2006730B1 /* Controller */,
				EDD7774B228E9AE1006730B1 /* Network */,
				EDD77753228E9C06006730B1 /* View */,
				ED58F04622918D4C000298A0 /* Contact */,
			);
			path = MyCLass;
			sourceTree = "<group>";
		};
/* End PBXGroup section */

/* Begin PBXNativeTarget section */
		3D5BDC0D227C617D00C32105 /* TJClass */ = {
			isa = PBXNativeTarget;
			buildConfigurationList = 3D5BDC24227C617F00C32105 /* Build configuration list for PBXNativeTarget "TJClass" */;
			buildPhases = (
				09839620BEFA2296238D1D2E /* [CP] Check Pods Manifest.lock */,
				3D5BDC0A227C617D00C32105 /* Sources */,
				3D5BDC0B227C617D00C32105 /* Frameworks */,
				3D5BDC0C227C617D00C32105 /* Resources */,
				C8AEA690BDAB9C9CFF5F724B /* [CP] Copy Pods Resources */,
				5C4FDBBA29268FCE8D4A6D4D /* [CP] Embed Pods Frameworks */,
			);
			buildRules = (
			);
			dependencies = (
			);
			name = TJClass;
			productName = TJClass;
			productReference = 3D5BDC0E227C617D00C32105 /* TJClass.app */;
			productType = "com.apple.product-type.application";
		};
/* End PBXNativeTarget section */

/* Begin PBXProject section */
		3D5BDC06227C617D00C32105 /* Project object */ = {
			isa = PBXProject;
			attributes = {
				LastUpgradeCheck = 1020;
				ORGANIZATIONNAME = "Jiale Li";
				TargetAttributes = {
					3D5BDC0D227C617D00C32105 = {
						CreatedOnToolsVersion = 10.2.1;
					};
				};
			};
			buildConfigurationList = 3D5BDC09227C617D00C32105 /* Build configuration list for PBXProject "TJClass" */;
			compatibilityVersion = "Xcode 9.3";
			developmentRegion = en;
			hasScannedForEncodings = 0;
			knownRegions = (
				en,
				Base,
			);
			mainGroup = 3D5BDC05227C617D00C32105;
			productRefGroup = 3D5BDC0F227C617D00C32105 /* Products */;
			projectDirPath = "";
			projectRoot = "";
			targets = (
				3D5BDC0D227C617D00C32105 /* TJClass */,
			);
		};
/* End PBXProject section */

/* Begin PBXResourcesBuildPhase section */
		3D5BDC0C227C617D00C32105 /* Resources */ = {
			isa = PBXResourcesBuildPhase;
			buildActionMask = 2147483647;
			files = (
				3D5BDC1E227C617F00C32105 /* LaunchScreen.storyboard in Resources */,
				ED131F9122928B3F000D9E4B /* NTESSystemNotificationCell.xib in Resources */,
				ED131F9222928B3F000D9E4B /* NTESSystemNotificationViewController.xib in Resources */,
				3D5BDC1B227C617F00C32105 /* Assets.xcassets in Resources */,
			);
			runOnlyForDeploymentPostprocessing = 0;
		};
/* End PBXResourcesBuildPhase section */

/* Begin PBXShellScriptBuildPhase section */
		09839620BEFA2296238D1D2E /* [CP] Check Pods Manifest.lock */ = {
			isa = PBXShellScriptBuildPhase;
			buildActionMask = 2147483647;
			files = (
			);
			inputFileListPaths = (
			);
			inputPaths = (
				"${PODS_PODFILE_DIR_PATH}/Podfile.lock",
				"${PODS_ROOT}/Manifest.lock",
			);
			name = "[CP] Check Pods Manifest.lock";
			outputFileListPaths = (
			);
			outputPaths = (
				"$(DERIVED_FILE_DIR)/Pods-TJClass-checkManifestLockResult.txt",
			);
			runOnlyForDeploymentPostprocessing = 0;
			shellPath = /bin/sh;
			shellScript = "diff \"${PODS_PODFILE_DIR_PATH}/Podfile.lock\" \"${PODS_ROOT}/Manifest.lock\" > /dev/null\nif [ $? != 0 ] ; then\n    # print error to STDERR\n    echo \"error: The sandbox is not in sync with the Podfile.lock. Run 'pod install' or update your CocoaPods installation.\" >&2\n    exit 1\nfi\n# This output is used by Xcode 'outputs' to avoid re-running this script phase.\necho \"SUCCESS\" > \"${SCRIPT_OUTPUT_FILE_0}\"\n";
			showEnvVarsInLog = 0;
		};
		5C4FDBBA29268FCE8D4A6D4D /* [CP] Embed Pods Frameworks */ = {
			isa = PBXShellScriptBuildPhase;
			buildActionMask = 2147483647;
			files = (
			);
			inputFileListPaths = (
			);
			inputPaths = (
				"${PODS_ROOT}/Target Support Files/Pods-TJClass/Pods-TJClass-frameworks.sh",
				"${PODS_ROOT}/NIMSDK_LITE/NIMSDK/NIMSDK.framework",
			);
			name = "[CP] Embed Pods Frameworks";
			outputFileListPaths = (
			);
			outputPaths = (
				"${TARGET_BUILD_DIR}/${FRAMEWORKS_FOLDER_PATH}/NIMSDK.framework",
			);
			runOnlyForDeploymentPostprocessing = 0;
			shellPath = /bin/sh;
			shellScript = "\"${PODS_ROOT}/Target Support Files/Pods-TJClass/Pods-TJClass-frameworks.sh\"\n";
			showEnvVarsInLog = 0;
		};
		C8AEA690BDAB9C9CFF5F724B /* [CP] Copy Pods Resources */ = {
			isa = PBXShellScriptBuildPhase;
			buildActionMask = 2147483647;
			files = (
			);
			inputFileListPaths = (
			);
			inputPaths = (
				"${PODS_ROOT}/Target Support Files/Pods-TJClass/Pods-TJClass-resources.sh",
				"${PODS_ROOT}/MJRefresh/MJRefresh/MJRefresh.bundle",
				"${PODS_ROOT}/NIMKit/NIMKit/Resources/NIMKitEmoticon.bundle",
				"${PODS_ROOT}/NIMKit/NIMKit/Resources/NIMKitResource.bundle",
				"${PODS_ROOT}/SVProgressHUD/SVProgressHUD/SVProgressHUD.bundle",
				"${PODS_ROOT}/TZImagePickerController/TZImagePickerController/TZImagePickerController/TZImagePickerController.bundle",
			);
			name = "[CP] Copy Pods Resources";
			outputFileListPaths = (
			);
			outputPaths = (
				"${TARGET_BUILD_DIR}/${UNLOCALIZED_RESOURCES_FOLDER_PATH}/MJRefresh.bundle",
				"${TARGET_BUILD_DIR}/${UNLOCALIZED_RESOURCES_FOLDER_PATH}/NIMKitEmoticon.bundle",
				"${TARGET_BUILD_DIR}/${UNLOCALIZED_RESOURCES_FOLDER_PATH}/NIMKitResource.bundle",
				"${TARGET_BUILD_DIR}/${UNLOCALIZED_RESOURCES_FOLDER_PATH}/SVProgressHUD.bundle",
				"${TARGET_BUILD_DIR}/${UNLOCALIZED_RESOURCES_FOLDER_PATH}/TZImagePickerController.bundle",
			);
			runOnlyForDeploymentPostprocessing = 0;
			shellPath = /bin/sh;
			shellScript = "\"${PODS_ROOT}/Target Support Files/Pods-TJClass/Pods-TJClass-resources.sh\"\n";
			showEnvVarsInLog = 0;
		};
/* End PBXShellScriptBuildPhase section */

/* Begin PBXSourcesBuildPhase section */
		3D5BDC0A227C617D00C32105 /* Sources */ = {
			isa = PBXSourcesBuildPhase;
			buildActionMask = 2147483647;
			files = (
				ED6A1099228BD7EF00E533B2 /* TJGroup.m in Sources */,
				ED131F9322928B3F000D9E4B /* NTESSystemNotificationCell.m in Sources */,
				ED139ED6229663BB004B6D1C /* TJUserInfoSettingViewController.m in Sources */,
				3D5BDC29227C61D800C32105 /* TJLoginViewController.m in Sources */,
				EDD7774F228E9B5E006730B1 /* TJMyClassDetailViewController.m in Sources */,
				ED6A108C228BD04200E533B2 /* TJMineCell.m in Sources */,
				ED58F03C22918AEE000298A0 /* TJGroupedContacts.m in Sources */,
				ED131F9622928D12000D9E4B /* TJPersonalCardViewController.m in Sources */,
				ED131FA52292CB07000D9E4B /* TJCreateSignRequest.m in Sources */,
				ED139EE6229672AA004B6D1C /* TJGenderSettingViewController.m in Sources */,
				ED0BD1AA229177DC006852D4 /* TJSessionViewController.m in Sources */,
				ED139EE02296711B004B6D1C /* TJTextSettingCell.m in Sources */,
				ED139EDD22967007004B6D1C /* TJNickNameSettingViewController.m in Sources */,
				EDD3C627229523C7009919FD /* TJSignedUser.m in Sources */,
				EDD77756228ED0D9006730B1 /* UIImage+Ex.m in Sources */,
				ED139EEF22969731004B6D1C /* TJUserSignRecordRequest.m in Sources */,
				ED139EE92296737B004B6D1C /* TJMobileSettingViewController.m in Sources */,
				ED131F8622926C1B000D9E4B /* TJPersonCardViewController.m in Sources */,
				EDFFE057228BD92900A039DF /* TJUser.m in Sources */,
				3D07B748227DD42F00596994 /* TJLoginView.m in Sources */,
				ED6A1093228BD55800E533B2 /* TJSignClassCell.m in Sources */,
				ED58F04C22918DB7000298A0 /* TJContactViewController.m in Sources */,
				ED131FA22292BDAE000D9E4B /* TJCreateSignViewController.m in Sources */,
				ED131F9F22929B92000D9E4B /* TJSessionConfig.m in Sources */,
				EDD77752228E9C01006730B1 /* TJMyClassDetailView.m in Sources */,
				ED0FB1EA22941534005C21A2 /* TJSignRecordCell.m in Sources */,
				3D5BDC21227C617F00C32105 /* main.m in Sources */,
				ED5315B12292F5110069199A /* TJSign.m in Sources */,
				ED0BD1A4229061CD006852D4 /* UIView+Ex.m in Sources */,
				3D5BDC13227C617D00C32105 /* AppDelegate.m in Sources */,
				EDE946EE228DA7BF0027802F /* TJCreateClassRequest.m in Sources */,
				ED0FB1E42293D425005C21A2 /* TJDoSignRequest.m in Sources */,
				ED58F036229188D8000298A0 /* TJContactUtilCell.m in Sources */,
				ED58F04522918C58000298A0 /* TJPinyinConverter.m in Sources */,
				ED139EF2229697D0004B6D1C /* TJMySignRecordViewController.m in Sources */,
				EDE946E6228D93630027802F /* TJRefreshHeader.m in Sources */,
				ED131F8922926DEB000D9E4B /* TJSettingSwitcherCell.m in Sources */,
				EDD77749228E96B9006730B1 /* TJUserManager.m in Sources */,
				ED0FB1E722941423005C21A2 /* TJSignRecordViewController.m in Sources */,
				ED0BD19B22905927006852D4 /* TJSessionListViewController.m in Sources */,
				ED3E078E228AF60F00BEC88F /* TJMainViewController.m in Sources */,
				ED0BD19E22905C55006852D4 /* TJAddFriendViewController.m in Sources */,
				ED3E0791228AFB8600BEC88F /* TJMineViewController.m in Sources */,
				EDE946E2228D7B8B0027802F /* TJJoinedClassesRequest.m in Sources */,
				ED0BD19822902554006852D4 /* TJGetNIMTokenRequest.m in Sources */,
				ED58F03922918A39000298A0 /* TJGroupedDataCollection.m in Sources */,
				EDE946D8228D74EA0027802F /* TJBaseRequest.m in Sources */,
				EDD77745228E9217006730B1 /* TJMyCreatedClassesRequest.m in Sources */,
				ED0BD1A12290616D006852D4 /* TJAddFriendCell.m in Sources */,
				ED5315AB2292F0D40069199A /* TJGetCurrentSignRequest.m in Sources */,
				ED131F9C2292943D000D9E4B /* TJAliasSettingViewController.m in Sources */,
				ED139EE3229671BC004B6D1C /* TJSettingCheckCell.m in Sources */,
				ED58F04F22918E81000298A0 /* TJContactUtilItem.m in Sources */,
				ED0BD1AD22917EFC006852D4 /* TJSessionUtil.m in Sources */,
				ED131F99229290FB000D9E4B /* TJColorButtonCell.m in Sources */,
				ED58F03F22918B2B000298A0 /* TJContactDataMember.m in Sources */,
				ED139EF522969B8F004B6D1C /* TJUserSignRecord.m in Sources */,
				ED3E0795228B06D900BEC88F /* TJMineHeaderView.m in Sources */,
				ED0BD1A72291484A006852D4 /* TJGroupListViewController.m in Sources */,
				ED3E0798228B09DE00BEC88F /* TJLoginViewPresentAnimation.m in Sources */,
				ED139ED322964C53004B6D1C /* TJSettingPortraitCell.m in Sources */,
				ED0FB1ED22943D79005C21A2 /* TJSignRecordDetailViewController.m in Sources */,
				ED131F9022928B3F000D9E4B /* NTESSystemNotificationViewController.m in Sources */,
				ED6A108F228BD53700E533B2 /* TJSignViewController.m in Sources */,
				EDE946EA228D98FD0027802F /* TJMyClassesViewController.m in Sources */,
				ED58F04222918B9A000298A0 /* TJSpellingCenter.m in Sources */,
			);
			runOnlyForDeploymentPostprocessing = 0;
		};
/* End PBXSourcesBuildPhase section */

/* Begin PBXVariantGroup section */
		3D5BDC1C227C617F00C32105 /* LaunchScreen.storyboard */ = {
			isa = PBXVariantGroup;
			children = (
				3D5BDC1D227C617F00C32105 /* Base */,
			);
			name = LaunchScreen.storyboard;
			sourceTree = "<group>";
		};
/* End PBXVariantGroup section */

/* Begin XCBuildConfiguration section */
		3D5BDC22227C617F00C32105 /* Debug */ = {
			isa = XCBuildConfiguration;
			buildSettings = {
				ALWAYS_SEARCH_USER_PATHS = NO;
				CLANG_ANALYZER_NONNULL = YES;
				CLANG_ANALYZER_NUMBER_OBJECT_CONVERSION = YES_AGGRESSIVE;
				CLANG_CXX_LANGUAGE_STANDARD = "gnu++14";
				CLANG_CXX_LIBRARY = "libc++";
				CLANG_ENABLE_MODULES = YES;
				CLANG_ENABLE_OBJC_ARC = YES;
				CLANG_ENABLE_OBJC_WEAK = YES;
				CLANG_WARN_BLOCK_CAPTURE_AUTORELEASING = YES;
				CLANG_WARN_BOOL_CONVERSION = YES;
				CLANG_WARN_COMMA = YES;
				CLANG_WARN_CONSTANT_CONVERSION = YES;
				CLANG_WARN_DEPRECATED_OBJC_IMPLEMENTATIONS = YES;
				CLANG_WARN_DIRECT_OBJC_ISA_USAGE = YES_ERROR;
				CLANG_WARN_DOCUMENTATION_COMMENTS = YES;
				CLANG_WARN_EMPTY_BODY = YES;
				CLANG_WARN_ENUM_CONVERSION = YES;
				CLANG_WARN_INFINITE_RECURSION = YES;
				CLANG_WARN_INT_CONVERSION = YES;
				CLANG_WARN_NON_LITERAL_NULL_CONVERSION = YES;
				CLANG_WARN_OBJC_IMPLICIT_RETAIN_SELF = YES;
				CLANG_WARN_OBJC_LITERAL_CONVERSION = YES;
				CLANG_WARN_OBJC_ROOT_CLASS = YES_ERROR;
				CLANG_WARN_RANGE_LOOP_ANALYSIS = YES;
				CLANG_WARN_STRICT_PROTOTYPES = YES;
				CLANG_WARN_SUSPICIOUS_MOVE = YES;
				CLANG_WARN_UNGUARDED_AVAILABILITY = YES_AGGRESSIVE;
				CLANG_WARN_UNREACHABLE_CODE = YES;
				CLANG_WARN__DUPLICATE_METHOD_MATCH = YES;
				CODE_SIGN_IDENTITY = "iPhone Developer";
				COPY_PHASE_STRIP = NO;
				DEBUG_INFORMATION_FORMAT = dwarf;
				ENABLE_STRICT_OBJC_MSGSEND = YES;
				ENABLE_TESTABILITY = YES;
				GCC_C_LANGUAGE_STANDARD = gnu11;
				GCC_DYNAMIC_NO_PIC = NO;
				GCC_NO_COMMON_BLOCKS = YES;
				GCC_OPTIMIZATION_LEVEL = 0;
				GCC_PREPROCESSOR_DEFINITIONS = (
					"DEBUG=1",
					"$(inherited)",
				);
				GCC_WARN_64_TO_32_BIT_CONVERSION = YES;
				GCC_WARN_ABOUT_RETURN_TYPE = YES_ERROR;
				GCC_WARN_UNDECLARED_SELECTOR = YES;
				GCC_WARN_UNINITIALIZED_AUTOS = YES_AGGRESSIVE;
				GCC_WARN_UNUSED_FUNCTION = YES;
				GCC_WARN_UNUSED_VARIABLE = YES;
				IPHONEOS_DEPLOYMENT_TARGET = 12.2;
				MTL_ENABLE_DEBUG_INFO = INCLUDE_SOURCE;
				MTL_FAST_MATH = YES;
				ONLY_ACTIVE_ARCH = YES;
				SDKROOT = iphoneos;
			};
			name = Debug;
		};
		3D5BDC23227C617F00C32105 /* Release */ = {
			isa = XCBuildConfiguration;
			buildSettings = {
				ALWAYS_SEARCH_USER_PATHS = NO;
				CLANG_ANALYZER_NONNULL = YES;
				CLANG_ANALYZER_NUMBER_OBJECT_CONVERSION = YES_AGGRESSIVE;
				CLANG_CXX_LANGUAGE_STANDARD = "gnu++14";
				CLANG_CXX_LIBRARY = "libc++";
				CLANG_ENABLE_MODULES = YES;
				CLANG_ENABLE_OBJC_ARC = YES;
				CLANG_ENABLE_OBJC_WEAK = YES;
				CLANG_WARN_BLOCK_CAPTURE_AUTORELEASING = YES;
				CLANG_WARN_BOOL_CONVERSION = YES;
				CLANG_WARN_COMMA = YES;
				CLANG_WARN_CONSTANT_CONVERSION = YES;
				CLANG_WARN_DEPRECATED_OBJC_IMPLEMENTATIONS = YES;
				CLANG_WARN_DIRECT_OBJC_ISA_USAGE = YES_ERROR;
				CLANG_WARN_DOCUMENTATION_COMMENTS = YES;
				CLANG_WARN_EMPTY_BODY = YES;
				CLANG_WARN_ENUM_CONVERSION = YES;
				CLANG_WARN_INFINITE_RECURSION = YES;
				CLANG_WARN_INT_CONVERSION = YES;
				CLANG_WARN_NON_LITERAL_NULL_CONVERSION = YES;
				CLANG_WARN_OBJC_IMPLICIT_RETAIN_SELF = YES;
				CLANG_WARN_OBJC_LITERAL_CONVERSION = YES;
				CLANG_WARN_OBJC_ROOT_CLASS = YES_ERROR;
				CLANG_WARN_RANGE_LOOP_ANALYSIS = YES;
				CLANG_WARN_STRICT_PROTOTYPES = YES;
				CLANG_WARN_SUSPICIOUS_MOVE = YES;
				CLANG_WARN_UNGUARDED_AVAILABILITY = YES_AGGRESSIVE;
				CLANG_WARN_UNREACHABLE_CODE = YES;
				CLANG_WARN__DUPLICATE_METHOD_MATCH = YES;
				CODE_SIGN_IDENTITY = "iPhone Developer";
				COPY_PHASE_STRIP = NO;
				DEBUG_INFORMATION_FORMAT = "dwarf-with-dsym";
				ENABLE_NS_ASSERTIONS = NO;
				ENABLE_STRICT_OBJC_MSGSEND = YES;
				GCC_C_LANGUAGE_STANDARD = gnu11;
				GCC_NO_COMMON_BLOCKS = YES;
				GCC_WARN_64_TO_32_BIT_CONVERSION = YES;
				GCC_WARN_ABOUT_RETURN_TYPE = YES_ERROR;
				GCC_WARN_UNDECLARED_SELECTOR = YES;
				GCC_WARN_UNINITIALIZED_AUTOS = YES_AGGRESSIVE;
				GCC_WARN_UNUSED_FUNCTION = YES;
				GCC_WARN_UNUSED_VARIABLE = YES;
				IPHONEOS_DEPLOYMENT_TARGET = 12.2;
				MTL_ENABLE_DEBUG_INFO = NO;
				MTL_FAST_MATH = YES;
				SDKROOT = iphoneos;
				VALIDATE_PRODUCT = YES;
			};
			name = Release;
		};
		3D5BDC25227C617F00C32105 /* Debug */ = {
			isa = XCBuildConfiguration;
			baseConfigurationReference = 30232253F3290DE8DFD01F77 /* Pods-TJClass.debug.xcconfig */;
			buildSettings = {
				ASSETCATALOG_COMPILER_APPICON_NAME = AppIcon;
				CODE_SIGN_STYLE = Automatic;
				DEVELOPMENT_TEAM = 3QS9BN76F6;
				GCC_PRECOMPILE_PREFIX_HEADER = YES;
				GCC_PREFIX_HEADER = "$(SRCROOT)/TJClass/Support/TJClassPrefixHeader.pch";
				INFOPLIST_FILE = TJClass/Support/Info.plist;
				LD_RUNPATH_SEARCH_PATHS = (
					"$(inherited)",
					"@executable_path/Frameworks",
				);
				PRODUCT_BUNDLE_IDENTIFIER = com.lijiale.TJClass;
				PRODUCT_NAME = "$(TARGET_NAME)";
				TARGETED_DEVICE_FAMILY = "1,2";
			};
			name = Debug;
		};
		3D5BDC26227C617F00C32105 /* Release */ = {
			isa = XCBuildConfiguration;
			baseConfigurationReference = 90F5E285D8424ACCF509F98C /* Pods-TJClass.release.xcconfig */;
			buildSettings = {
				ASSETCATALOG_COMPILER_APPICON_NAME = AppIcon;
				CODE_SIGN_STYLE = Automatic;
				DEVELOPMENT_TEAM = 3QS9BN76F6;
				GCC_PRECOMPILE_PREFIX_HEADER = YES;
				GCC_PREFIX_HEADER = "$(SRCROOT)/TJClass/Support/TJClassPrefixHeader.pch";
				INFOPLIST_FILE = TJClass/Support/Info.plist;
				LD_RUNPATH_SEARCH_PATHS = (
					"$(inherited)",
					"@executable_path/Frameworks",
				);
				PRODUCT_BUNDLE_IDENTIFIER = com.lijiale.TJClass;
				PRODUCT_NAME = "$(TARGET_NAME)";
				TARGETED_DEVICE_FAMILY = "1,2";
			};
			name = Release;
		};
/* End XCBuildConfiguration section */

/* Begin XCConfigurationList section */
		3D5BDC09227C617D00C32105 /* Build configuration list for PBXProject "TJClass" */ = {
			isa = XCConfigurationList;
			buildConfigurations = (
				3D5BDC22227C617F00C32105 /* Debug */,
				3D5BDC23227C617F00C32105 /* Release */,
			);
			defaultConfigurationIsVisible = 0;
			defaultConfigurationName = Release;
		};
		3D5BDC24227C617F00C32105 /* Build configuration list for PBXNativeTarget "TJClass" */ = {
			isa = XCConfigurationList;
			buildConfigurations = (
				3D5BDC25227C617F00C32105 /* Debug */,
				3D5BDC26227C617F00C32105 /* Release */,
			);
			defaultConfigurationIsVisible = 0;
			defaultConfigurationName = Release;
		};
/* End XCConfigurationList section */
	};
	rootObject = 3D5BDC06227C617D00C32105 /* Project object */;
}
